{
  "requires": true,
  "lockfileVersion": 1,
  "dependencies": {
    "ionicons": {
      "version": "4.5.9-1",
      "resolved": "https://registry.npmjs.org/ionicons/-/ionicons-4.5.9-1.tgz",
      "integrity": "sha512-jR95cFGkPwNoH3MmoMF7qO+wMRgr7RdDG4Zuy+3WA6dnochfaZ1BisIC1TB3XLydy5cShxAK5eHqaSHcRkUHPQ==",
      "dev": true
    }
  }
}
